
Microsoft Visual Studio Solution File, Format Version 12.00
# Visual Studio 15
VisualStudioVersion = 15.0.28307.271
MinimumVisualStudioVersion = 10.0.40219.1
Project("{FAE04EC0-301F-11D3-BF4B-00C04F79EFBC}") = "Ecosistemas.Klinikos", "Ecosistemas.Klinikos\Ecosistemas.Klinikos.csproj", "{CBE34EB1-3C25-44AD-9768-931BFCE9E268}"
EndProject
Global
	GlobalSection(SolutionConfigurationPlatforms) = preSolution
		Debug|Any CPU = Debug|Any CPU
		Release|Any CPU = Release|Any CPU
	EndGlobalSection
	GlobalSection(ProjectConfigurationPlatforms) = postSolution
		{CBE34EB1-3C25-44AD-9768-931BFCE9E268}.Debug|Any CPU.ActiveCfg = Debug|Any CPU
		{CBE34EB1-3C25-44AD-9768-931BFCE9E268}.Debug|Any CPU.Build.0 = Debug|Any CPU
		{CBE34EB1-3C25-44AD-9768-931BFCE9E268}.Release|Any CPU.ActiveCfg = Release|Any CPU
		{CBE34EB1-3C25-44AD-9768-931BFCE9E268}.Release|Any CPU.Build.0 = Release|Any CPU
	EndGlobalSection
	GlobalSection(SolutionProperties) = preSolution
		HideSolutionNode = FALSE
	EndGlobalSection
	GlobalSection(ExtensibilityGlobals) = postSolution
		SolutionGuid = {924B64D2-8F84-4F34-82DD-C7D16EF4E144}
	EndGlobalSection
EndGlobal
